
Microsoft Visual Studio Solution File, Format Version 12.00
# Visual Studio 14
VisualStudioVersion = 14.0.25420.1
MinimumVisualStudioVersion = 10.0.40219.1
Project("{FAE04EC0-301F-11D3-BF4B-00C04F79EFBC}") = "Patterns2false", "Patterns1\Patterns2false.csproj", "{C84AB957-1B92-4A77-9893-58334C1B6699}"
EndProject
Project("{FAE04EC0-301F-11D3-BF4B-00C04F79EFBC}") = "CarChecker", "CarChecker\CarChecker.csproj", "{96B92BF0-4E0F-4513-937B-3EECCEB217FD}"
EndProject
Global
	GlobalSection(SolutionConfigurationPlatforms) = preSolution
		Debug|Any CPU = Debug|Any CPU
		Release|Any CPU = Release|Any CPU
	EndGlobalSection
	GlobalSection(ProjectConfigurationPlatforms) = postSolution
		{C84AB957-1B92-4A77-9893-58334C1B6699}.Debug|Any CPU.ActiveCfg = Debug|Any CPU
		{C84AB957-1B92-4A77-9893-58334C1B6699}.Debug|Any CPU.Build.0 = Debug|Any CPU
		{C84AB957-1B92-4A77-9893-58334C1B6699}.Release|Any CPU.ActiveCfg = Release|Any CPU
		{C84AB957-1B92-4A77-9893-58334C1B6699}.Release|Any CPU.Build.0 = Release|Any CPU
		{96B92BF0-4E0F-4513-937B-3EECCEB217FD}.Debug|Any CPU.ActiveCfg = Debug|Any CPU
		{96B92BF0-4E0F-4513-937B-3EECCEB217FD}.Debug|Any CPU.Build.0 = Debug|Any CPU
		{96B92BF0-4E0F-4513-937B-3EECCEB217FD}.Release|Any CPU.ActiveCfg = Release|Any CPU
		{96B92BF0-4E0F-4513-937B-3EECCEB217FD}.Release|Any CPU.Build.0 = Release|Any CPU
	EndGlobalSection
	GlobalSection(SolutionProperties) = preSolution
		HideSolutionNode = FALSE
	EndGlobalSection
EndGlobal
